
Microsoft Visual Studio Solution File, Format Version 12.00
# Visual Studio Version 17
VisualStudioVersion = 17.10.35027.167
MinimumVisualStudioVersion = 10.0.40219.1
Project("{9A19103F-16F7-4668-BE54-9A1E7A4F7556}") = "create-feature", "create-feature.csproj", "{2CDF321F-6C5B-4007-8742-31FB97B2128E}"
EndProject
Global
	GlobalSection(SolutionConfigurationPlatforms) = preSolution
		Debug|Any CPU = Debug|Any CPU
		Release|Any CPU = Release|Any CPU
	EndGlobalSection
	GlobalSection(ProjectConfigurationPlatforms) = postSolution
		{2CDF321F-6C5B-4007-8742-31FB97B2128E}.Debug|Any CPU.ActiveCfg = Debug|Any CPU
		{2CDF321F-6C5B-4007-8742-31FB97B2128E}.Debug|Any CPU.Build.0 = Debug|Any CPU
		{2CDF321F-6C5B-4007-8742-31FB97B2128E}.Release|Any CPU.ActiveCfg = Release|Any CPU
		{2CDF321F-6C5B-4007-8742-31FB97B2128E}.Release|Any CPU.Build.0 = Release|Any CPU
	EndGlobalSection
	GlobalSection(SolutionProperties) = preSolution
		HideSolutionNode = FALSE
	EndGlobalSection
	GlobalSection(ExtensibilityGlobals) = postSolution
		SolutionGuid = {A78E1744-E33B-46A0-A348-F996F51623D2}
	EndGlobalSection
EndGlobal
